
Microsoft Visual Studio Solution File, Format Version 12.00
# Visual Studio Version 17
VisualStudioVersion = 17.3.32825.248
MinimumVisualStudioVersion = 10.0.40219.1
Project("{FAE04EC0-301F-11D3-BF4B-00C04F79EFBC}") = "Pizza_delivery", "Pizza_delivery\Pizza_delivery.csproj", "{0C71A269-5733-4629-AA5D-A8276158F4A1}"
EndProject
Global
	GlobalSection(SolutionConfigurationPlatforms) = preSolution
		Debug|Any CPU = Debug|Any CPU
		Release|Any CPU = Release|Any CPU
	EndGlobalSection
	GlobalSection(ProjectConfigurationPlatforms) = postSolution
		{0C71A269-5733-4629-AA5D-A8276158F4A1}.Debug|Any CPU.ActiveCfg = Debug|Any CPU
		{0C71A269-5733-4629-AA5D-A8276158F4A1}.Debug|Any CPU.Build.0 = Debug|Any CPU
		{0C71A269-5733-4629-AA5D-A8276158F4A1}.Release|Any CPU.ActiveCfg = Release|Any CPU
		{0C71A269-5733-4629-AA5D-A8276158F4A1}.Release|Any CPU.Build.0 = Release|Any CPU
	EndGlobalSection
	GlobalSection(SolutionProperties) = preSolution
		HideSolutionNode = FALSE
	EndGlobalSection
	GlobalSection(ExtensibilityGlobals) = postSolution
		SolutionGuid = {54FB015D-B275-4309-96F9-E7C51E2904FB}
	EndGlobalSection
EndGlobal
